# THIS IS AN AUTOGENERATED FILE. DO NOT EDIT THIS FILE DIRECTLY.
# yarn lockfile v1


"@tootallnate/once@1":
  version "1.1.2"
  resolved "https://registry.yarnpkg.com/@tootallnate/once/-/once-1.1.2.tgz#ccb91445360179a04e7fe6aff78c00ffc1eeaf82"
  integrity sha512-RbzJvlNzmRq5c3O09UipeuXno4tA1FE6ikOjxZK0tuxVv3412l64l5t1W5pj4+rJq9vpkm/kwiR07aZXnsKPxw==

"@types/adm-zip@^0.4.34":
  version "0.4.34"
  resolved "https://registry.yarnpkg.com/@types/adm-zip/-/adm-zip-0.4.34.tgz#62ac859eb2af6024362a1b3e43527ab79e0c624e"
  integrity sha512-8ToYLLAYhkRfcmmljrKi22gT2pqu7hGMDtORP1emwIEGmgUTZOsaDjzWFzW5N2frcFRz/50CWt4zA1CxJ73pmQ==
  dependencies:
    "@types/node" "*"

"@types/cookiejar@*":
  version "2.1.2"
  resolved "https://registry.yarnpkg.com/@types/cookiejar/-/cookiejar-2.1.2.tgz#66ad9331f63fe8a3d3d9d8c6e3906dd10f6446e8"
  integrity sha512-t73xJJrvdTjXrn4jLS9VSGRbz0nUY3cl2DMGDU48lKl+HR9dbbjW2A9r3g40VA++mQpy6uuHg33gy7du2BKpog==

"@types/fs-extra@^9.0.13":
  version "9.0.13"
  resolved "https://registry.yarnpkg.com/@types/fs-extra/-/fs-extra-9.0.13.tgz#7594fbae04fe7f1918ce8b3d213f74ff44ac1f45"
  integrity sha512-nEnwB++1u5lVDM2UI4c1+5R+FYaKfaAzS4OococimjVm3nQw3TuzH5UNsocrcTBbhnerblyHj4A49qXbIiZdpA==
  dependencies:
    "@types/node" "*"

"@types/js-yaml@^4.0.5":
  version "4.0.5"
  resolved "https://registry.yarnpkg.com/@types/js-yaml/-/js-yaml-4.0.5.tgz#738dd390a6ecc5442f35e7f03fa1431353f7e138"
  integrity sha512-FhpRzf927MNQdRZP0J5DLIdTXhjLYzeUTmLAu69mnVksLH9CJY3IuSeEgbKUki7GQZm0WqDkGzyxju2EZGD2wA==

"@types/lodash@^4.14.179":
  version "4.14.179"
  resolved "https://registry.yarnpkg.com/@types/lodash/-/lodash-4.14.179.tgz#490ec3288088c91295780237d2497a3aa9dfb5c5"
  integrity sha512-uwc1x90yCKqGcIOAT6DwOSuxnrAbpkdPsUOZtwrXb4D/6wZs+6qG7QnIawDuZWg0sWpxl+ltIKCaLoMlna678w==

"@types/node@*", "@types/node@^17.0.21":
  version "17.0.21"
  resolved "https://registry.yarnpkg.com/@types/node/-/node-17.0.21.tgz#864b987c0c68d07b4345845c3e63b75edd143644"
  integrity sha512-DBZCJbhII3r90XbQxI8Y9IjjiiOGlZ0Hr32omXIZvwwZ7p4DMMXGrKXVyPfuoBOri9XNtL0UK69jYIBIsRX3QQ==

"@types/superagent-proxy@^3.0.0":
  version "3.0.0"
  resolved "https://registry.yarnpkg.com/@types/superagent-proxy/-/superagent-proxy-3.0.0.tgz#51007445ffe2387791e6e4d32a8a96a788c5f834"
  integrity sha512-gLNLONQrB8p9WQh4NFzeITZxDqv086q4xwCYFCaoQdH+4WQXmrGrXCJDn4cO3wNh+Sgsjb78lSVnjTDuST2Yxg==
  dependencies:
    "@types/superagent" "*"

"@types/superagent@*", "@types/superagent@^4.1.15":
  version "4.1.15"
  resolved "https://registry.yarnpkg.com/@types/superagent/-/superagent-4.1.15.tgz#63297de457eba5e2bc502a7609426c4cceab434a"
  integrity sha512-mu/N4uvfDN2zVQQ5AYJI/g4qxn2bHB6521t1UuH09ShNWjebTqN0ZFuYK9uYjcgmI0dTQEs+Owi1EO6U0OkOZQ==
  dependencies:
    "@types/cookiejar" "*"
    "@types/node" "*"

acorn-walk@^8.2.0:
  version "8.2.0"
  resolved "https://registry.yarnpkg.com/acorn-walk/-/acorn-walk-8.2.0.tgz#741210f2e2426454508853a2f44d0ab83b7f69c1"
  integrity sha512-k+iyHEuPgSw6SbuDpGQM+06HQUa04DZ3o+F6CSzXMvvI5KMvnaEqXe+YVe555R9nn6GPt404fos4wcgpw12SDA==

acorn@^8.7.0:
  version "8.7.0"
  resolved "https://registry.yarnpkg.com/acorn/-/acorn-8.7.0.tgz#90951fde0f8f09df93549481e5fc141445b791cf"
  integrity sha512-V/LGr1APy+PXIwKebEWrkZPwoeoF+w1jiOBUmuxuiUIaOHtob8Qc9BTrYo7VuI5fR8tqsy+buA2WFooR5olqvQ==

adm-zip@0.5.5:
  version "0.5.5"
  resolved "https://registry.yarnpkg.com/adm-zip/-/adm-zip-0.5.5.tgz#b6549dbea741e4050309f1bb4d47c47397ce2c4f"
  integrity sha512-IWwXKnCbirdbyXSfUDvCCrmYrOHANRZcc8NcRrvTlIApdl7PwE9oGcsYvNeJPAVY1M+70b4PxXGKIf8AEuiQ6w==

agent-base@6, agent-base@^6.0.0, agent-base@^6.0.2:
  version "6.0.2"
  resolved "https://registry.yarnpkg.com/agent-base/-/agent-base-6.0.2.tgz#49fff58577cfee3f37176feab4c22e00f86d7f77"
  integrity sha512-RZNwNclF7+MS/8bDg70amg32dyeZGZxiDuQmZxKLAlQjr3jGyLx+4Kkk58UO7D2QdgFIQCovuSuZESne6RG6XQ==
  dependencies:
    debug "4"

argparse@^2.0.1:
  version "2.0.1"
  resolved "https://registry.yarnpkg.com/argparse/-/argparse-2.0.1.tgz#246f50f3ca78a3240f6c997e8a9bd1eac49e4b38"
  integrity sha512-8+9WqebbFzpX9OR+Wa6O29asIogeRMzcGtAINdpMHHyAg10f05aSFVBbcEqGf/PXw1EjAZ+q2/bEBg3DvurK3Q==

asap@^2.0.0:
  version "2.0.6"
  resolved "https://registry.yarnpkg.com/asap/-/asap-2.0.6.tgz#e50347611d7e690943208bbdafebcbc2fb866d46"
  integrity sha1-5QNHYR1+aQlDIIu9r+vLwvuGbUY=

ast-types@^0.13.2:
  version "0.13.4"
  resolved "https://registry.yarnpkg.com/ast-types/-/ast-types-0.13.4.tgz#ee0d77b343263965ecc3fb62da16e7222b2b6782"
  integrity sha512-x1FCFnFifvYDDzTaLII71vG5uvDwgtmDTEVWAxrgeiR8VjMONcCXJx7E+USjDtHlwFmt9MysbqgF9b9Vjr6w+w==
  dependencies:
    tslib "^2.0.1"

asynckit@^0.4.0:
  version "0.4.0"
  resolved "https://registry.yarnpkg.com/asynckit/-/asynckit-0.4.0.tgz#c79ed97f7f34cb8f2ba1bc9790bcc366474b4b79"
  integrity sha1-x57Zf380y48robyXkLzDZkdLS3k=

bytes@3.1.2:
  version "3.1.2"
  resolved "https://registry.yarnpkg.com/bytes/-/bytes-3.1.2.tgz#8b0beeb98605adf1b128fa4386403c009e0221a5"
  integrity sha512-/Nf7TyzTx6S3yRJObOAV7956r8cr2+Oj8AC5dt8wSP3BQAoeX58NoHyCU8P8zGkNXStjTSi6fzO6F0pBdcYbEg==

call-bind@^1.0.0:
  version "1.0.2"
  resolved "https://registry.yarnpkg.com/call-bind/-/call-bind-1.0.2.tgz#b1d4e89e688119c3c9a903ad30abb2f6a919be3c"
  integrity sha512-7O+FbCihrB5WGbFYesctwmTKae6rOiIzmz1icreWJ+0aA7LJfuqhEso2T9ncpcFtzMQtzXf2QGGueWJGTYsqrA==
  dependencies:
    function-bind "^1.1.1"
    get-intrinsic "^1.0.2"

chalk@^5.0.0:
  version "5.0.0"
  resolved "https://registry.yarnpkg.com/chalk/-/chalk-5.0.0.tgz#bd96c6bb8e02b96e08c0c3ee2a9d90e050c7b832"
  integrity sha512-/duVOqst+luxCQRKEo4bNxinsOQtMP80ZYm7mMqzuh5PociNL0PvmHFvREJ9ueYL2TxlHjBcmLCdmocx9Vg+IQ==

combined-stream@^1.0.8:
  version "1.0.8"
  resolved "https://registry.yarnpkg.com/combined-stream/-/combined-stream-1.0.8.tgz#c3d45a8b34fd730631a110a8a2520682b31d5a7f"
  integrity sha512-FQN4MRfuJeHf7cBbBMJFXhKSDq+2kAArBlmRBvcvFE5BB1HZKXtSFASDhdlz9zOYwxh8lDdnvmMOe/+5cdoEdg==
  dependencies:
    delayed-stream "~1.0.0"

component-emitter@^1.3.0:
  version "1.3.0"
  resolved "https://registry.yarnpkg.com/component-emitter/-/component-emitter-1.3.0.tgz#16e4070fba8ae29b679f2215853ee181ab2eabc0"
  integrity sha512-Rd3se6QB+sO1TwqZjscQrurpEPIfO0/yYnSin6Q/rD3mOutHvUrCAhJub3r90uNb+SESBuE0QYoB90YdfatsRg==

cookiejar@^2.1.3:
  version "2.1.3"
  resolved "https://registry.yarnpkg.com/cookiejar/-/cookiejar-2.1.3.tgz#fc7a6216e408e74414b90230050842dacda75acc"
  integrity sha512-JxbCBUdrfr6AQjOXrxoTvAMJO4HBTUIlBzslcJPAz+/KT8yk53fXun51u+RenNYvad/+Vc2DIz5o9UxlCDymFQ==

core-util-is@~1.0.0:
  version "1.0.3"
  resolved "https://registry.yarnpkg.com/core-util-is/-/core-util-is-1.0.3.tgz#a6042d3634c2b27e9328f837b965fac83808db85"
  integrity sha512-ZQBvi1DcpJ4GDqanjucZ2Hj3wEO5pZDS89BWbkcrvdxksJorwUDDZamX9ldFkp9aw2lmBDLgkObEA4DWNJ9FYQ==

data-uri-to-buffer@3:
  version "3.0.1"
  resolved "https://registry.yarnpkg.com/data-uri-to-buffer/-/data-uri-to-buffer-3.0.1.tgz#594b8973938c5bc2c33046535785341abc4f3636"
  integrity sha512-WboRycPNsVw3B3TL559F7kuBUM4d8CgMEvk6xEJlOp7OBPjt6G7z8WMWlD2rOFZLk6OYfFIUGsCOWzcQH9K2og==

debug@4, debug@^4.3.2, debug@^4.3.3:
  version "4.3.3"
  resolved "https://registry.yarnpkg.com/debug/-/debug-4.3.3.tgz#04266e0b70a98d4462e6e288e38259213332b664"
  integrity sha512-/zxw5+vh1Tfv+4Qn7a5nsbcJKPaSvCDhojn6FEl9vupwK2VCSDtEiEtqr8DFtzYFOdz63LBkxec7DYuc2jon6Q==
  dependencies:
    ms "2.1.2"

deep-is@~0.1.3:
  version "0.1.4"
  resolved "https://registry.yarnpkg.com/deep-is/-/deep-is-0.1.4.tgz#a6f2dce612fadd2ef1f519b73551f17e85199831"
  integrity sha512-oIPzksmTg4/MriiaYGO+okXDT7ztn/w3Eptv/+gSIdMdKsJo0u4CfYNFJPy+4SKMuCqGw2wxnA+URMg3t8a/bQ==

degenerator@^3.0.1:
  version "3.0.2"
  resolved "https://registry.yarnpkg.com/degenerator/-/degenerator-3.0.2.tgz#6a61fcc42a702d6e50ff6023fe17bff435f68235"
  integrity sha512-c0mef3SNQo56t6urUU6tdQAs+ThoD0o9B9MJ8HEt7NQcGEILCRFqQb7ZbP9JAv+QF1Ky5plydhMR/IrqWDm+TQ==
  dependencies:
    ast-types "^0.13.2"
    escodegen "^1.8.1"
    esprima "^4.0.0"
    vm2 "^3.9.8"

delayed-stream@~1.0.0:
  version "1.0.0"
  resolved "https://registry.yarnpkg.com/delayed-stream/-/delayed-stream-1.0.0.tgz#df3ae199acadfb7d440aaae0b29e2272b24ec619"
  integrity sha1-3zrhmayt+31ECqrgsp4icrJOxhk=

depd@2.0.0:
  version "2.0.0"
  resolved "https://registry.yarnpkg.com/depd/-/depd-2.0.0.tgz#b696163cc757560d09cf22cc8fad1571b79e76df"
  integrity sha512-g7nH6P6dyDioJogAAGprGpCtVImJhpPk/roCzdb3fIh61/s/nPsfR6onyMwkCAR/OlC3yBC0lESvUoQEAssIrw==

dezalgo@1.0.3:
  version "1.0.3"
  resolved "https://registry.yarnpkg.com/dezalgo/-/dezalgo-1.0.3.tgz#7f742de066fc748bc8db820569dddce49bf0d456"
  integrity sha1-f3Qt4Gb8dIvI24IFad3c5Jvw1FY=
  dependencies:
    asap "^2.0.0"
    wrappy "1"

esbuild-android-arm64@0.14.23:
  version "0.14.23"
  resolved "https://registry.yarnpkg.com/esbuild-android-arm64/-/esbuild-android-arm64-0.14.23.tgz#c89b3c50b4f47668dcbeb0b34ee4615258818e71"
  integrity sha512-k9sXem++mINrZty1v4FVt6nC5BQCFG4K2geCIUUqHNlTdFnuvcqsY7prcKZLFhqVC1rbcJAr9VSUGFL/vD4vsw==

esbuild-darwin-64@0.14.23:
  version "0.14.23"
  resolved "https://registry.yarnpkg.com/esbuild-darwin-64/-/esbuild-darwin-64-0.14.23.tgz#1c131e8cb133ed935ca32f824349a117c896a15b"
  integrity sha512-lB0XRbtOYYL1tLcYw8BoBaYsFYiR48RPrA0KfA/7RFTr4MV7Bwy/J4+7nLsVnv9FGuQummM3uJ93J3ptaTqFug==

esbuild-darwin-arm64@0.14.23:
  version "0.14.23"
  resolved "https://registry.yarnpkg.com/esbuild-darwin-arm64/-/esbuild-darwin-arm64-0.14.23.tgz#3c6245a50109dd84953f53d7833bd3b4f0e8c6fa"
  integrity sha512-yat73Z/uJ5tRcfRiI4CCTv0FSnwErm3BJQeZAh+1tIP0TUNh6o+mXg338Zl5EKChD+YGp6PN+Dbhs7qa34RxSw==

esbuild-freebsd-64@0.14.23:
  version "0.14.23"
  resolved "https://registry.yarnpkg.com/esbuild-freebsd-64/-/esbuild-freebsd-64-0.14.23.tgz#0cdc54e72d3dd9cd992f9c2960055e68a7f8650c"
  integrity sha512-/1xiTjoLuQ+LlbfjJdKkX45qK/M7ARrbLmyf7x3JhyQGMjcxRYVR6Dw81uH3qlMHwT4cfLW4aEVBhP1aNV7VsA==

esbuild-freebsd-arm64@0.14.23:
  version "0.14.23"
  resolved "https://registry.yarnpkg.com/esbuild-freebsd-arm64/-/esbuild-freebsd-arm64-0.14.23.tgz#1d11faed3a0c429e99b7dddef84103eb509788b2"
  integrity sha512-uyPqBU/Zcp6yEAZS4LKj5jEE0q2s4HmlMBIPzbW6cTunZ8cyvjG6YWpIZXb1KK3KTJDe62ltCrk3VzmWHp+iLg==

esbuild-linux-32@0.14.23:
  version "0.14.23"
  resolved "https://registry.yarnpkg.com/esbuild-linux-32/-/esbuild-linux-32-0.14.23.tgz#fd9f033fc27dcab61100cb1eb1c936893a68c841"
  integrity sha512-37R/WMkQyUfNhbH7aJrr1uCjDVdnPeTHGeDhZPUNhfoHV0lQuZNCKuNnDvlH/u/nwIYZNdVvz1Igv5rY/zfrzQ==

esbuild-linux-64@0.14.23:
  version "0.14.23"
  resolved "https://registry.yarnpkg.com/esbuild-linux-64/-/esbuild-linux-64-0.14.23.tgz#c04c438514f1359ecb1529205d0c836d4165f198"
  integrity sha512-H0gztDP60qqr8zoFhAO64waoN5yBXkmYCElFklpd6LPoobtNGNnDe99xOQm28+fuD75YJ7GKHzp/MLCLhw2+vQ==

esbuild-linux-arm64@0.14.23:
  version "0.14.23"
  resolved "https://registry.yarnpkg.com/esbuild-linux-arm64/-/esbuild-linux-arm64-0.14.23.tgz#d1b3ab2988ab0734886eb9e811726f7db099ab96"
  integrity sha512-c4MLOIByNHR55n3KoYf9hYDfBRghMjOiHLaoYLhkQkIabb452RWi+HsNgB41sUpSlOAqfpqKPFNg7VrxL3UX9g==

esbuild-linux-arm@0.14.23:
  version "0.14.23"
  resolved "https://registry.yarnpkg.com/esbuild-linux-arm/-/esbuild-linux-arm-0.14.23.tgz#df7558b6a5076f5eb9fd387c8704f768b61d97fb"
  integrity sha512-x64CEUxi8+EzOAIpCUeuni0bZfzPw/65r8tC5cy5zOq9dY7ysOi5EVQHnzaxS+1NmV+/RVRpmrzGw1QgY2Xpmw==

esbuild-linux-mips64le@0.14.23:
  version "0.14.23"
  resolved "https://registry.yarnpkg.com/esbuild-linux-mips64le/-/esbuild-linux-mips64le-0.14.23.tgz#bb4c47fccc9493d460ffeb1f88e8a97a98a14f8b"
  integrity sha512-kHKyKRIAedYhKug2EJpyJxOUj3VYuamOVA1pY7EimoFPzaF3NeY7e4cFBAISC/Av0/tiV0xlFCt9q0HJ68IBIw==

esbuild-linux-ppc64le@0.14.23:
  version "0.14.23"
  resolved "https://registry.yarnpkg.com/esbuild-linux-ppc64le/-/esbuild-linux-ppc64le-0.14.23.tgz#a332dbc8a1b4e30cfe1261bfaa5cef57c9c8c02a"
  integrity sha512-7ilAiJEPuJJnJp/LiDO0oJm5ygbBPzhchJJh9HsHZzeqO+3PUzItXi+8PuicY08r0AaaOe25LA7sGJ0MzbfBag==

esbuild-linux-riscv64@0.14.23:
  version "0.14.23"
  resolved "https://registry.yarnpkg.com/esbuild-linux-riscv64/-/esbuild-linux-riscv64-0.14.23.tgz#85675f3f931f5cd7cfb238fd82f77a62ffcb6d86"
  integrity sha512-fbL3ggK2wY0D8I5raPIMPhpCvODFE+Bhb5QGtNP3r5aUsRR6TQV+ZBXIaw84iyvKC8vlXiA4fWLGhghAd/h/Zg==

esbuild-linux-s390x@0.14.23:
  version "0.14.23"
  resolved "https://registry.yarnpkg.com/esbuild-linux-s390x/-/esbuild-linux-s390x-0.14.23.tgz#a526282a696e6d846f4c628f5315475518c0c0f0"
  integrity sha512-GHMDCyfy7+FaNSO8RJ8KCFsnax8fLUsOrj9q5Gi2JmZMY0Zhp75keb5abTFCq2/Oy6KVcT0Dcbyo/bFb4rIFJA==

esbuild-netbsd-64@0.14.23:
  version "0.14.23"
  resolved "https://registry.yarnpkg.com/esbuild-netbsd-64/-/esbuild-netbsd-64-0.14.23.tgz#8e456605694719aa1be4be266d6cd569c06dfaf5"
  integrity sha512-ovk2EX+3rrO1M2lowJfgMb/JPN1VwVYrx0QPUyudxkxLYrWeBxDKQvc6ffO+kB4QlDyTfdtAURrVzu3JeNdA2g==

esbuild-openbsd-64@0.14.23:
  version "0.14.23"
  resolved "https://registry.yarnpkg.com/esbuild-openbsd-64/-/esbuild-openbsd-64-0.14.23.tgz#f2fc51714b4ddabc86e4eb30ca101dd325db2f7d"
  integrity sha512-uYYNqbVR+i7k8ojP/oIROAHO9lATLN7H2QeXKt2H310Fc8FJj4y3Wce6hx0VgnJ4k1JDrgbbiXM8rbEgQyg8KA==

esbuild-sunos-64@0.14.23:
  version "0.14.23"
  resolved "https://registry.yarnpkg.com/esbuild-sunos-64/-/esbuild-sunos-64-0.14.23.tgz#a408f33ea20e215909e20173a0fd78b1aaad1f8e"
  integrity sha512-hAzeBeET0+SbScknPzS2LBY6FVDpgE+CsHSpe6CEoR51PApdn2IB0SyJX7vGelXzlyrnorM4CAsRyb9Qev4h9g==

esbuild-windows-32@0.14.23:
  version "0.14.23"
  resolved "https://registry.yarnpkg.com/esbuild-windows-32/-/esbuild-windows-32-0.14.23.tgz#b9005bbff54dac3975ff355d5de2b5e37165d128"
  integrity sha512-Kttmi3JnohdaREbk6o9e25kieJR379TsEWF0l39PQVHXq3FR6sFKtVPgY8wk055o6IB+rllrzLnbqOw/UV60EA==

esbuild-windows-64@0.14.23:
  version "0.14.23"
  resolved "https://registry.yarnpkg.com/esbuild-windows-64/-/esbuild-windows-64-0.14.23.tgz#2b5a99befeaca6aefdad32d738b945730a60a060"
  integrity sha512-JtIT0t8ymkpl6YlmOl6zoSWL5cnCgyLaBdf/SiU/Eg3C13r0NbHZWNT/RDEMKK91Y6t79kTs3vyRcNZbfu5a8g==

esbuild-windows-arm64@0.14.23:
  version "0.14.23"
  resolved "https://registry.yarnpkg.com/esbuild-windows-arm64/-/esbuild-windows-arm64-0.14.23.tgz#edc560bbadb097eb45fc235aeacb942cb94a38c0"
  integrity sha512-cTFaQqT2+ik9e4hePvYtRZQ3pqOvKDVNarzql0VFIzhc0tru/ZgdLoXd6epLiKT+SzoSce6V9YJ+nn6RCn6SHw==

esbuild@^0.14.23:
  version "0.14.23"
  resolved "https://registry.yarnpkg.com/esbuild/-/esbuild-0.14.23.tgz#95e842cb22bc0c7d82c140adc16788aac91469fe"
  integrity sha512-XjnIcZ9KB6lfonCa+jRguXyRYcldmkyZ99ieDksqW/C8bnyEX299yA4QH2XcgijCgaddEZePPTgvx/2imsq7Ig==
  optionalDependencies:
    esbuild-android-arm64 "0.14.23"
    esbuild-darwin-64 "0.14.23"
    esbuild-darwin-arm64 "0.14.23"
    esbuild-freebsd-64 "0.14.23"
    esbuild-freebsd-arm64 "0.14.23"
    esbuild-linux-32 "0.14.23"
    esbuild-linux-64 "0.14.23"
    esbuild-linux-arm "0.14.23"
    esbuild-linux-arm64 "0.14.23"
    esbuild-linux-mips64le "0.14.23"
    esbuild-linux-ppc64le "0.14.23"
    esbuild-linux-riscv64 "0.14.23"
    esbuild-linux-s390x "0.14.23"
    esbuild-netbsd-64 "0.14.23"
    esbuild-openbsd-64 "0.14.23"
    esbuild-sunos-64 "0.14.23"
    esbuild-windows-32 "0.14.23"
    esbuild-windows-64 "0.14.23"
    esbuild-windows-arm64 "0.14.23"

escodegen@^1.8.1:
  version "1.14.3"
  resolved "https://registry.yarnpkg.com/escodegen/-/escodegen-1.14.3.tgz#4e7b81fba61581dc97582ed78cab7f0e8d63f503"
  integrity sha512-qFcX0XJkdg+PB3xjZZG/wKSuT1PnQWx57+TVSjIMmILd2yC/6ByYElPwJnslDsuWuSAp4AwJGumarAAmJch5Kw==
  dependencies:
    esprima "^4.0.1"
    estraverse "^4.2.0"
    esutils "^2.0.2"
    optionator "^0.8.1"
  optionalDependencies:
    source-map "~0.6.1"

esprima@^4.0.0, esprima@^4.0.1:
  version "4.0.1"
  resolved "https://registry.yarnpkg.com/esprima/-/esprima-4.0.1.tgz#13b04cdb3e6c5d19df91ab6987a8695619b0aa71"
  integrity sha512-eGuFFw7Upda+g4p+QHvnW0RyTX/SVeJBDM/gCtMARO0cLuT2HcEKnTPvhjV6aGeqrCB/sbNop0Kszm0jsaWU4A==

estraverse@^4.2.0:
  version "4.3.0"
  resolved "https://registry.yarnpkg.com/estraverse/-/estraverse-4.3.0.tgz#398ad3f3c5a24948be7725e83d11a7de28cdbd1d"
  integrity sha512-39nnKffWz8xN1BU/2c79n9nB9HDzo0niYUqx6xyqUnyoAnQyyWpOTdZEeiCch8BBu515t4wp9ZmgVfVhn9EBpw==

esutils@^2.0.2:
  version "2.0.3"
  resolved "https://registry.yarnpkg.com/esutils/-/esutils-2.0.3.tgz#74d2eb4de0b8da1293711910d50775b9b710ef64"
  integrity sha512-kVscqXk4OCp68SZ0dkgEKVi6/8ij300KBWTJq32P/dYeWTSwK41WyTxalN1eRmA5Z9UU/LX9D7FWSmV9SAYx6g==

fast-levenshtein@~2.0.6:
  version "2.0.6"
  resolved "https://registry.yarnpkg.com/fast-levenshtein/-/fast-levenshtein-2.0.6.tgz#3d8a5c66883a16a30ca8643e851f19baa7797917"
  integrity sha1-PYpcZog6FqMMqGQ+hR8Zuqd5eRc=

fast-safe-stringify@^2.1.1:
  version "2.1.1"
  resolved "https://registry.yarnpkg.com/fast-safe-stringify/-/fast-safe-stringify-2.1.1.tgz#c406a83b6e70d9e35ce3b30a81141df30aeba884"
  integrity sha512-W+KJc2dmILlPplD/H4K9l9LcAHAfPtP6BY84uVLXQ6Evcz9Lcg33Y2z1IVblT6xdY54PXYVHEv+0Wpq8Io6zkA==

file-uri-to-path@2:
  version "2.0.0"
  resolved "https://registry.yarnpkg.com/file-uri-to-path/-/file-uri-to-path-2.0.0.tgz#7b415aeba227d575851e0a5b0c640d7656403fba"
  integrity sha512-hjPFI8oE/2iQPVe4gbrJ73Pp+Xfub2+WI2LlXDbsaJBwT5wuMh35WNWVYYTpnz895shtwfyutMFLFywpQAFdLg==

form-data@^4.0.0:
  version "4.0.0"
  resolved "https://registry.yarnpkg.com/form-data/-/form-data-4.0.0.tgz#93919daeaf361ee529584b9b31664dc12c9fa452"
  integrity sha512-ETEklSGi5t0QMZuiXoA/Q6vcnxcLQP5vdugSpuAyi6SVGi2clPPp+xgEhuMaHC+zGgn31Kd235W35f7Hykkaww==
  dependencies:
    asynckit "^0.4.0"
    combined-stream "^1.0.8"
    mime-types "^2.1.12"

formidable@^2.0.1:
  version "2.0.1"
  resolved "https://registry.yarnpkg.com/formidable/-/formidable-2.0.1.tgz#4310bc7965d185536f9565184dee74fbb75557ff"
  integrity sha512-rjTMNbp2BpfQShhFbR3Ruk3qk2y9jKpvMW78nJgx8QKtxjDVrwbZG+wvDOmVbifHyOUOQJXxqEy6r0faRrPzTQ==
  dependencies:
    dezalgo "1.0.3"
    hexoid "1.0.0"
    once "1.4.0"
    qs "6.9.3"

fs-extra@^10.0.1:
  version "10.0.1"
  resolved "https://registry.yarnpkg.com/fs-extra/-/fs-extra-10.0.1.tgz#27de43b4320e833f6867cc044bfce29fdf0ef3b8"
  integrity sha512-NbdoVMZso2Lsrn/QwLXOy6rm0ufY2zEOKCDzJR/0kBsb0E6qed0P3iYK+Ath3BfvXEeu4JhEtXLgILx5psUfag==
  dependencies:
    graceful-fs "^4.2.0"
    jsonfile "^6.0.1"
    universalify "^2.0.0"

fs-extra@^8.1.0:
  version "8.1.0"
  resolved "https://registry.yarnpkg.com/fs-extra/-/fs-extra-8.1.0.tgz#49d43c45a88cd9677668cb7be1b46efdb8d2e1c0"
  integrity sha512-yhlQgA6mnOJUKOsRUFsgJdQCvkKhcz8tlZG5HBQfReYZy46OwLcY+Zia0mtdHsOo9y/hP+CxMN0TU9QxoOtG4g==
  dependencies:
    graceful-fs "^4.2.0"
    jsonfile "^4.0.0"
    universalify "^0.1.0"

ftp@^0.3.10:
  version "0.3.10"
  resolved "https://registry.yarnpkg.com/ftp/-/ftp-0.3.10.tgz#9197d861ad8142f3e63d5a83bfe4c59f7330885d"
  integrity sha1-kZfYYa2BQvPmPVqDv+TFn3MwiF0=
  dependencies:
    readable-stream "1.1.x"
    xregexp "2.0.0"

function-bind@^1.1.1:
  version "1.1.1"
  resolved "https://registry.yarnpkg.com/function-bind/-/function-bind-1.1.1.tgz#a56899d3ea3c9bab874bb9773b7c5ede92f4895d"
  integrity sha512-yIovAzMX49sF8Yl58fSCWJ5svSLuaibPxXQJFLmBObTuCr0Mf1KiPopGM9NiFjiYBCbfaa2Fh6breQ6ANVTI0A==

get-intrinsic@^1.0.2:
  version "1.1.1"
  resolved "https://registry.yarnpkg.com/get-intrinsic/-/get-intrinsic-1.1.1.tgz#15f59f376f855c446963948f0d24cd3637b4abc6"
  integrity sha512-kWZrnVM42QCiEA2Ig1bG8zjoIMOgxWwYCEeNdwY6Tv/cOSeGpcoX4pXHfKUxNKVoArnrEr2e9srnAxxGIraS9Q==
  dependencies:
    function-bind "^1.1.1"
    has "^1.0.3"
    has-symbols "^1.0.1"

get-uri@3:
  version "3.0.2"
  resolved "https://registry.yarnpkg.com/get-uri/-/get-uri-3.0.2.tgz#f0ef1356faabc70e1f9404fa3b66b2ba9bfc725c"
  integrity sha512-+5s0SJbGoyiJTZZ2JTpFPLMPSch72KEqGOTvQsBqg0RBWvwhWUSYZFAtz3TPW0GXJuLBJPts1E241iHg+VRfhg==
  dependencies:
    "@tootallnate/once" "1"
    data-uri-to-buffer "3"
    debug "4"
    file-uri-to-path "2"
    fs-extra "^8.1.0"
    ftp "^0.3.10"

graceful-fs@^4.1.6, graceful-fs@^4.2.0:
  version "4.2.9"
  resolved "https://registry.yarnpkg.com/graceful-fs/-/graceful-fs-4.2.9.tgz#041b05df45755e587a24942279b9d113146e1c96"
  integrity sha512-NtNxqUcXgpW2iMrfqSfR73Glt39K+BLwWsPs94yR63v45T0Wbej7eRmL5cWfwEgqXnmjQp3zaJTshdRW/qC2ZQ==

has-symbols@^1.0.1:
  version "1.0.3"
  resolved "https://registry.yarnpkg.com/has-symbols/-/has-symbols-1.0.3.tgz#bb7b2c4349251dce87b125f7bdf874aa7c8b39f8"
  integrity sha512-l3LCuF6MgDNwTDKkdYGEihYjt5pRPbEg46rtlmnSPlUbgmB8LOIrKJbYYFBSbnPaJexMKtiPO8hmeRjRz2Td+A==

has@^1.0.3:
  version "1.0.3"
  resolved "https://registry.yarnpkg.com/has/-/has-1.0.3.tgz#722d7cbfc1f6aa8241f16dd814e011e1f41e8796"
  integrity sha512-f2dvO0VU6Oej7RkWJGrehjbzMAjFp5/VKPp5tTpWIV4JHHZK1/BxbFRtf/siA2SWTe09caDmVtYYzWEIbBS4zw==
  dependencies:
    function-bind "^1.1.1"

hexoid@1.0.0:
  version "1.0.0"
  resolved "https://registry.yarnpkg.com/hexoid/-/hexoid-1.0.0.tgz#ad10c6573fb907de23d9ec63a711267d9dc9bc18"
  integrity sha512-QFLV0taWQOZtvIRIAdBChesmogZrtuXvVWsFHZTk2SU+anspqZ2vMnoLg7IE1+Uk16N19APic1BuF8bC8c2m5g==

http-errors@2.0.0:
  version "2.0.0"
  resolved "https://registry.yarnpkg.com/http-errors/-/http-errors-2.0.0.tgz#b7774a1486ef73cf7667ac9ae0858c012c57b9d3"
  integrity sha512-FtwrG/euBzaEjYeRqOgly7G0qviiXoJWnvEH2Z1plBdXgbyjv34pHTSb9zoeHMyDy33+DWy5Wt9Wo+TURtOYSQ==
  dependencies:
    depd "2.0.0"
    inherits "2.0.4"
    setprototypeof "1.2.0"
    statuses "2.0.1"
    toidentifier "1.0.1"

http-proxy-agent@^4.0.0, http-proxy-agent@^4.0.1:
  version "4.0.1"
  resolved "https://registry.yarnpkg.com/http-proxy-agent/-/http-proxy-agent-4.0.1.tgz#8a8c8ef7f5932ccf953c296ca8291b95aa74aa3a"
  integrity sha512-k0zdNgqWTGA6aeIRVpvfVob4fL52dTfaehylg0Y4UvSySvOq/Y+BOyPrgpUrA7HylqvU8vIZGsRuXmspskV0Tg==
  dependencies:
    "@tootallnate/once" "1"
    agent-base "6"
    debug "4"

https-proxy-agent@5, https-proxy-agent@^5.0.0:
  version "5.0.0"
  resolved "https://registry.yarnpkg.com/https-proxy-agent/-/https-proxy-agent-5.0.0.tgz#e2a90542abb68a762e0a0850f6c9edadfd8506b2"
  integrity sha512-EkYm5BcKUGiduxzSt3Eppko+PiNWNEpa4ySk9vTC6wDsQJW9rHSa+UhGNJoRYp7bz6Ht1eaRIa6QaJqO5rCFbA==
  dependencies:
    agent-base "6"
    debug "4"

iconv-lite@0.4.24:
  version "0.4.24"
  resolved "https://registry.yarnpkg.com/iconv-lite/-/iconv-lite-0.4.24.tgz#2022b4b25fbddc21d2f524974a474aafe733908b"
  integrity sha512-v3MXnZAcvnywkTUEZomIActle7RXXeedOR31wwl7VlyoXO4Qi9arvSenNQWne1TcRwhCL1HwLI21bEqdpj8/rA==
  dependencies:
    safer-buffer ">= 2.1.2 < 3"

inherits@2.0.4, inherits@^2.0.3, inherits@~2.0.1:
  version "2.0.4"
  resolved "https://registry.yarnpkg.com/inherits/-/inherits-2.0.4.tgz#0fa2c64f932917c3433a0ded55363aae37416b7c"
  integrity sha512-k/vGaX4/Yla3WzyMCvTQOXYeIHvqOKtnqBduzTHpzpQZzAskKMhZ2K+EnBiSM9zGSoIFeMpXKxa4dYeZIQqewQ==

ip@^1.1.5:
  version "1.1.5"
  resolved "https://registry.yarnpkg.com/ip/-/ip-1.1.5.tgz#bdded70114290828c0a039e72ef25f5aaec4354a"
  integrity sha1-vd7XARQpCCjAoDnnLvJfWq7ENUo=

isarray@0.0.1:
  version "0.0.1"
  resolved "https://registry.yarnpkg.com/isarray/-/isarray-0.0.1.tgz#8a18acfca9a8f4177e09abfc6038939b05d1eedf"
  integrity sha1-ihis/Kmo9Bd+Cav8YDiTmwXR7t8=

js-yaml@^4.1.0:
  version "4.1.0"
  resolved "https://registry.yarnpkg.com/js-yaml/-/js-yaml-4.1.0.tgz#c1fb65f8f5017901cdd2c951864ba18458a10602"
  integrity sha512-wpxZs9NoxZaJESJGIZTyDEaYpl0FKSA+FB9aJiyemKhMwkxQg63h4T1KJgUGHpTqPDNRcmmYLugrRjJlBtWvRA==
  dependencies:
    argparse "^2.0.1"

jsonfile@^4.0.0:
  version "4.0.0"
  resolved "https://registry.yarnpkg.com/jsonfile/-/jsonfile-4.0.0.tgz#8771aae0799b64076b76640fca058f9c10e33ecb"
  integrity sha1-h3Gq4HmbZAdrdmQPygWPnBDjPss=
  optionalDependencies:
    graceful-fs "^4.1.6"

jsonfile@^6.0.1:
  version "6.1.0"
  resolved "https://registry.yarnpkg.com/jsonfile/-/jsonfile-6.1.0.tgz#bc55b2634793c679ec6403094eb13698a6ec0aae"
  integrity sha512-5dgndWOriYSm5cnYaJNhalLNDKOqFwyDB/rr1E9ZsGciGvKPs8R2xYGCacuf3z6K1YKDz182fd+fY3cn3pMqXQ==
  dependencies:
    universalify "^2.0.0"
  optionalDependencies:
    graceful-fs "^4.1.6"

levn@~0.3.0:
  version "0.3.0"
  resolved "https://registry.yarnpkg.com/levn/-/levn-0.3.0.tgz#3b09924edf9f083c0490fdd4c0bc4421e04764ee"
  integrity sha1-OwmSTt+fCDwEkP3UwLxEIeBHZO4=
  dependencies:
    prelude-ls "~1.1.2"
    type-check "~0.3.2"

lodash@^4.17.21:
  version "4.17.21"
  resolved "https://registry.yarnpkg.com/lodash/-/lodash-4.17.21.tgz#679591c564c3bffaae8454cf0b3df370c3d6911c"
  integrity sha512-v2kDEe57lecTulaDIuNTPy3Ry4gLGJ6Z1O3vE1krgXZNrsQ+LFTGHVxVjcXPs17LhbZVGedAJv8XZ1tvj5FvSg==

lru-cache@^5.1.1:
  version "5.1.1"
  resolved "https://registry.yarnpkg.com/lru-cache/-/lru-cache-5.1.1.tgz#1da27e6710271947695daf6848e847f01d84b920"
  integrity sha512-KpNARQA3Iwv+jTA0utUVVbrh+Jlrr1Fv0e56GGzAFOXN7dk/FviaDW8LHmK52DlcH4WP2n6gI8vN1aesBFgo9w==
  dependencies:
    yallist "^3.0.2"

lru-cache@^6.0.0:
  version "6.0.0"
  resolved "https://registry.yarnpkg.com/lru-cache/-/lru-cache-6.0.0.tgz#6d6fe6570ebd96aaf90fcad1dafa3b2566db3a94"
  integrity sha512-Jo6dJ04CmSjuznwJSS3pUeWmd/H0ffTlkXXgwZi+eq1UCmqQwCh+eLsYOYCwY991i2Fah4h1BEMCx4qThGbsiA==
  dependencies:
    yallist "^4.0.0"

methods@^1.1.2:
  version "1.1.2"
  resolved "https://registry.yarnpkg.com/methods/-/methods-1.1.2.tgz#5529a4d67654134edcc5266656835b0f851afcee"
  integrity sha1-VSmk1nZUE07cxSZmVoNbD4Ua/O4=

mime-db@1.51.0:
  version "1.51.0"
  resolved "https://registry.yarnpkg.com/mime-db/-/mime-db-1.51.0.tgz#d9ff62451859b18342d960850dc3cfb77e63fb0c"
  integrity sha512-5y8A56jg7XVQx2mbv1lu49NR4dokRnhZYTtL+KGfaa27uq4pSTXkwQkFJl4pkRMyNFz/EtYDSkiiEHx3F7UN6g==

mime-types@^2.1.12:
  version "2.1.34"
  resolved "https://registry.yarnpkg.com/mime-types/-/mime-types-2.1.34.tgz#5a712f9ec1503511a945803640fafe09d3793c24"
  integrity sha512-6cP692WwGIs9XXdOO4++N+7qjqv0rqxxVvJ3VHPh/Sc9mVZcQP+ZGhkKiTvWMQRr2tbHkJP/Yn7Y0npb3ZBs4A==
  dependencies:
    mime-db "1.51.0"

mime@^2.5.0:
  version "2.6.0"
  resolved "https://registry.yarnpkg.com/mime/-/mime-2.6.0.tgz#a2a682a95cd4d0cb1d6257e28f83da7e35800367"
  integrity sha512-USPkMeET31rOMiarsBNIHZKLGgvKc/LrjofAnBlOttf5ajRvqiRA8QsenbcooctK6d6Ts6aqZXBA+XbkKthiQg==

ms@2.1.2:
  version "2.1.2"
  resolved "https://registry.yarnpkg.com/ms/-/ms-2.1.2.tgz#d09d1f357b443f493382a8eb3ccd183872ae6009"
  integrity sha512-sGkPx+VjMtmA6MX27oA4FBFELFCZZ4S4XqeGOXCv68tT+jb3vk/RyaKWP0PTKyWtmLSM0b+adUTEvbs1PEaH2w==

netmask@^2.0.1:
  version "2.0.2"
  resolved "https://registry.yarnpkg.com/netmask/-/netmask-2.0.2.tgz#8b01a07644065d536383835823bc52004ebac5e7"
  integrity sha512-dBpDMdxv9Irdq66304OLfEmQ9tbNRFnFTuZiLo+bD+r332bBmMJ8GBLXklIXXgxd3+v9+KUnZaUR5PJMa75Gsg==

object-inspect@^1.9.0:
  version "1.12.0"
  resolved "https://registry.yarnpkg.com/object-inspect/-/object-inspect-1.12.0.tgz#6e2c120e868fd1fd18cb4f18c31741d0d6e776f0"
  integrity sha512-Ho2z80bVIvJloH+YzRmpZVQe87+qASmBUKZDWgx9cu+KDrX2ZDH/3tMy+gXbZETVGs2M8YdxObOh7XAtim9Y0g==

once@1.4.0:
  version "1.4.0"
  resolved "https://registry.yarnpkg.com/once/-/once-1.4.0.tgz#583b1aa775961d4b113ac17d9c50baef9dd76bd1"
  integrity sha1-WDsap3WWHUsROsF9nFC6753Xa9E=
  dependencies:
    wrappy "1"

optionator@^0.8.1:
  version "0.8.3"
  resolved "https://registry.yarnpkg.com/optionator/-/optionator-0.8.3.tgz#84fa1d036fe9d3c7e21d99884b601167ec8fb495"
  integrity sha512-+IW9pACdk3XWmmTXG8m3upGUJst5XRGzxMRjXzAuJ1XnIFNvfhjjIuYkDvysnPQ7qzqVzLt78BCruntqRhWQbA==
  dependencies:
    deep-is "~0.1.3"
    fast-levenshtein "~2.0.6"
    levn "~0.3.0"
    prelude-ls "~1.1.2"
    type-check "~0.3.2"
    word-wrap "~1.2.3"

pac-proxy-agent@^5.0.0:
  version "5.0.0"
  resolved "https://registry.yarnpkg.com/pac-proxy-agent/-/pac-proxy-agent-5.0.0.tgz#b718f76475a6a5415c2efbe256c1c971c84f635e"
  integrity sha512-CcFG3ZtnxO8McDigozwE3AqAw15zDvGH+OjXO4kzf7IkEKkQ4gxQ+3sdF50WmhQ4P/bVusXcqNE2S3XrNURwzQ==
  dependencies:
    "@tootallnate/once" "1"
    agent-base "6"
    debug "4"
    get-uri "3"
    http-proxy-agent "^4.0.1"
    https-proxy-agent "5"
    pac-resolver "^5.0.0"
    raw-body "^2.2.0"
    socks-proxy-agent "5"

pac-resolver@^5.0.0:
  version "5.0.0"
  resolved "https://registry.yarnpkg.com/pac-resolver/-/pac-resolver-5.0.0.tgz#1d717a127b3d7a9407a16d6e1b012b13b9ba8dc0"
  integrity sha512-H+/A6KitiHNNW+bxBKREk2MCGSxljfqRX76NjummWEYIat7ldVXRU3dhRIE3iXZ0nvGBk6smv3nntxKkzRL8NA==
  dependencies:
    degenerator "^3.0.1"
    ip "^1.1.5"
    netmask "^2.0.1"

prelude-ls@~1.1.2:
  version "1.1.2"
  resolved "https://registry.yarnpkg.com/prelude-ls/-/prelude-ls-1.1.2.tgz#21932a549f5e52ffd9a827f570e04be62a97da54"
  integrity sha1-IZMqVJ9eUv/ZqCf1cOBL5iqX2lQ=

proxy-agent@^5.0.0:
  version "5.0.0"
  resolved "https://registry.yarnpkg.com/proxy-agent/-/proxy-agent-5.0.0.tgz#d31405c10d6e8431fde96cba7a0c027ce01d633b"
  integrity sha512-gkH7BkvLVkSfX9Dk27W6TyNOWWZWRilRfk1XxGNWOYJ2TuedAv1yFpCaU9QSBmBe716XOTNpYNOzhysyw8xn7g==
  dependencies:
    agent-base "^6.0.0"
    debug "4"
    http-proxy-agent "^4.0.0"
    https-proxy-agent "^5.0.0"
    lru-cache "^5.1.1"
    pac-proxy-agent "^5.0.0"
    proxy-from-env "^1.0.0"
    socks-proxy-agent "^5.0.0"

proxy-from-env@^1.0.0:
  version "1.1.0"
  resolved "https://registry.yarnpkg.com/proxy-from-env/-/proxy-from-env-1.1.0.tgz#e102f16ca355424865755d2c9e8ea4f24d58c3e2"
  integrity sha512-D+zkORCbA9f1tdWRK0RaCR3GPv50cMxcrz4X8k5LTSUD1Dkw47mKJEZQNunItRTkWwgtaUSo1RVFRIG9ZXiFYg==

qs@6.9.3:
  version "6.9.3"
  resolved "https://registry.yarnpkg.com/qs/-/qs-6.9.3.tgz#bfadcd296c2d549f1dffa560619132c977f5008e"
  integrity sha512-EbZYNarm6138UKKq46tdx08Yo/q9ZhFoAXAI1meAFd2GtbRDhbZY2WQSICskT0c5q99aFzLG1D4nvTk9tqfXIw==

qs@^6.10.1:
  version "6.10.3"
  resolved "https://registry.yarnpkg.com/qs/-/qs-6.10.3.tgz#d6cde1b2ffca87b5aa57889816c5f81535e22e8e"
  integrity sha512-wr7M2E0OFRfIfJZjKGieI8lBKb7fRCH4Fv5KNPEs7gJ8jadvotdsS08PzOKR7opXhZ/Xkjtt3WF9g38drmyRqQ==
  dependencies:
    side-channel "^1.0.4"

raw-body@^2.2.0:
  version "2.5.1"
  resolved "https://registry.yarnpkg.com/raw-body/-/raw-body-2.5.1.tgz#fe1b1628b181b700215e5fd42389f98b71392857"
  integrity sha512-qqJBtEyVgS0ZmPGdCFPWJ3FreoqvG4MVQln/kCgF7Olq95IbOp0/BWyMwbdtn4VTvkM8Y7khCQ2Xgk/tcrCXig==
  dependencies:
    bytes "3.1.2"
    http-errors "2.0.0"
    iconv-lite "0.4.24"
    unpipe "1.0.0"

readable-stream@1.1.x:
  version "1.1.14"
  resolved "https://registry.yarnpkg.com/readable-stream/-/readable-stream-1.1.14.tgz#7cf4c54ef648e3813084c636dd2079e166c081d9"
  integrity sha1-fPTFTvZI44EwhMY23SB54WbAgdk=
  dependencies:
    core-util-is "~1.0.0"
    inherits "~2.0.1"
    isarray "0.0.1"
    string_decoder "~0.10.x"

readable-stream@^3.6.0:
  version "3.6.0"
  resolved "https://registry.yarnpkg.com/readable-stream/-/readable-stream-3.6.0.tgz#337bbda3adc0706bd3e024426a286d4b4b2c9198"
  integrity sha512-BViHy7LKeTz4oNnkcLJ+lVSL6vpiFeX6/d3oSH8zCW7UxP2onchk+vTGB143xuFjHS3deTgkKoXXymXqymiIdA==
  dependencies:
    inherits "^2.0.3"
    string_decoder "^1.1.1"
    util-deprecate "^1.0.1"

safe-buffer@~5.2.0:
  version "5.2.1"
  resolved "https://registry.yarnpkg.com/safe-buffer/-/safe-buffer-5.2.1.tgz#1eaf9fa9bdb1fdd4ec75f58f9cdb4e6b7827eec6"
  integrity sha512-rp3So07KcdmmKbGvgaNxQSJr7bGVSVk5S9Eq1F+ppbRo70+YeaDxkw5Dd8NPN+GD6bjnYm2VuPuCXmpuYvmCXQ==

"safer-buffer@>= 2.1.2 < 3":
  version "2.1.2"
  resolved "https://registry.yarnpkg.com/safer-buffer/-/safer-buffer-2.1.2.tgz#44fa161b0187b9549dd84bb91802f9bd8385cd6a"
  integrity sha512-YZo3K82SD7Riyi0E1EQPojLz7kpepnSQI9IyPbHHg1XXXevb5dJI7tpyN2ADxGcQbHG7vcyRHk0cbwqcQriUtg==

semver@^7.3.5:
  version "7.3.5"
  resolved "https://registry.yarnpkg.com/semver/-/semver-7.3.5.tgz#0b621c879348d8998e4b0e4be94b3f12e6018ef7"
  integrity sha512-PoeGJYh8HK4BTO/a9Tf6ZG3veo/A7ZVsYrSA6J8ny9nb3B1VrpkuN+z9OE5wfE5p6H4LchYZsegiQgbJD94ZFQ==
  dependencies:
    lru-cache "^6.0.0"

setprototypeof@1.2.0:
  version "1.2.0"
  resolved "https://registry.yarnpkg.com/setprototypeof/-/setprototypeof-1.2.0.tgz#66c9a24a73f9fc28cbe66b09fed3d33dcaf1b424"
  integrity sha512-E5LDX7Wrp85Kil5bhZv46j8jOeboKq5JMmYM3gVGdGH8xFpPWXUMsNrlODCrkoxMEeNi/XZIwuRvY4XNwYMJpw==

side-channel@^1.0.4:
  version "1.0.4"
  resolved "https://registry.yarnpkg.com/side-channel/-/side-channel-1.0.4.tgz#efce5c8fdc104ee751b25c58d4290011fa5ea2cf"
  integrity sha512-q5XPytqFEIKHkGdiMIrY10mvLRvnQh42/+GoBlFW3b2LXLE2xxJpZFdm94we0BaoV3RwJyGqg5wS7epxTv0Zvw==
  dependencies:
    call-bind "^1.0.0"
    get-intrinsic "^1.0.2"
    object-inspect "^1.9.0"

smart-buffer@^4.2.0:
  version "4.2.0"
  resolved "https://registry.yarnpkg.com/smart-buffer/-/smart-buffer-4.2.0.tgz#6e1d71fa4f18c05f7d0ff216dd16a481d0e8d9ae"
  integrity sha512-94hK0Hh8rPqQl2xXc3HsaBoOXKV20MToPkcXvwbISWLEs+64sBq5kFgn2kJDHb1Pry9yrP0dxrCI9RRci7RXKg==

socks-proxy-agent@5, socks-proxy-agent@^5.0.0:
  version "5.0.1"
  resolved "https://registry.yarnpkg.com/socks-proxy-agent/-/socks-proxy-agent-5.0.1.tgz#032fb583048a29ebffec2e6a73fca0761f48177e"
  integrity sha512-vZdmnjb9a2Tz6WEQVIurybSwElwPxMZaIc7PzqbJTrezcKNznv6giT7J7tZDZ1BojVaa1jvO/UiUdhDVB0ACoQ==
  dependencies:
    agent-base "^6.0.2"
    debug "4"
    socks "^2.3.3"

socks@^2.3.3:
  version "2.6.2"
  resolved "https://registry.yarnpkg.com/socks/-/socks-2.6.2.tgz#ec042d7960073d40d94268ff3bb727dc685f111a"
  integrity sha512-zDZhHhZRY9PxRruRMR7kMhnf3I8hDs4S3f9RecfnGxvcBHQcKcIH/oUcEWffsfl1XxdYlA7nnlGbbTvPz9D8gA==
  dependencies:
    ip "^1.1.5"
    smart-buffer "^4.2.0"

source-map@~0.6.1:
  version "0.6.1"
  resolved "https://registry.yarnpkg.com/source-map/-/source-map-0.6.1.tgz#74722af32e9614e9c287a8d0bbde48b5e2f1a263"
  integrity sha512-UjgapumWlbMhkBgzT7Ykc5YXUT46F0iKu8SGXq0bcwP5dz/h0Plj6enJqjz1Zbq2l5WaqYnrVbwWOWMyF3F47g==

statuses@2.0.1:
  version "2.0.1"
  resolved "https://registry.yarnpkg.com/statuses/-/statuses-2.0.1.tgz#55cb000ccf1d48728bd23c685a063998cf1a1b63"
  integrity sha512-RwNA9Z/7PrK06rYLIzFMlaF+l73iwpzsqRIFgbMLbTcLD6cOao82TaWefPXQvB2fOC4AjuYSEndS7N/mTCbkdQ==

string_decoder@^1.1.1:
  version "1.3.0"
  resolved "https://registry.yarnpkg.com/string_decoder/-/string_decoder-1.3.0.tgz#42f114594a46cf1a8e30b0a84f56c78c3edac21e"
  integrity sha512-hkRX8U1WjJFd8LsDJ2yQ/wWWxaopEsABU1XfkM8A+j0+85JAGppt16cr1Whg6KIbb4okU6Mql6BOj+uup/wKeA==
  dependencies:
    safe-buffer "~5.2.0"

string_decoder@~0.10.x:
  version "0.10.31"
  resolved "https://registry.yarnpkg.com/string_decoder/-/string_decoder-0.10.31.tgz#62e203bc41766c6c28c9fc84301dab1c5310fa94"
  integrity sha1-YuIDvEF2bGwoyfyEMB2rHFMQ+pQ=

superagent-proxy@^3.0.0:
  version "3.0.0"
  resolved "https://registry.yarnpkg.com/superagent-proxy/-/superagent-proxy-3.0.0.tgz#e1a17ccba25883599e18d2974020fe83ee7d95d1"
  integrity sha512-wAlRInOeDFyd9pyonrkJspdRAxdLrcsZ6aSnS+8+nu4x1aXbz6FWSTT9M6Ibze+eG60szlL7JA8wEIV7bPWuyQ==
  dependencies:
    debug "^4.3.2"
    proxy-agent "^5.0.0"

superagent@^7.1.1:
  version "7.1.1"
  resolved "https://registry.yarnpkg.com/superagent/-/superagent-7.1.1.tgz#2ab187d38c3078c31c3771c0b751f10163a27136"
  integrity sha512-CQ2weSS6M+doIwwYFoMatklhRbx6sVNdB99OEJ5czcP3cng76Ljqus694knFWgOj3RkrtxZqIgpe6vhe0J7QWQ==
  dependencies:
    component-emitter "^1.3.0"
    cookiejar "^2.1.3"
    debug "^4.3.3"
    fast-safe-stringify "^2.1.1"
    form-data "^4.0.0"
    formidable "^2.0.1"
    methods "^1.1.2"
    mime "^2.5.0"
    qs "^6.10.1"
    readable-stream "^3.6.0"
    semver "^7.3.5"

toidentifier@1.0.1:
  version "1.0.1"
  resolved "https://registry.yarnpkg.com/toidentifier/-/toidentifier-1.0.1.tgz#3be34321a88a820ed1bd80dfaa33e479fbb8dd35"
  integrity sha512-o5sSPKEkg/DIQNmH43V0/uerLrpzVedkUh8tGNvaeXpfpuwjKenlSox/2O/BTlZUtEe+JG7s5YhEz608PlAHRA==

tslib@^2.0.1:
  version "2.3.1"
  resolved "https://registry.yarnpkg.com/tslib/-/tslib-2.3.1.tgz#e8a335add5ceae51aa261d32a490158ef042ef01"
  integrity sha512-77EbyPPpMz+FRFRuAFlWMtmgUWGe9UOG2Z25NqCwiIjRhOf5iKGuzSe5P2w1laq+FkRy4p+PCuVkJSGkzTEKVw==

type-check@~0.3.2:
  version "0.3.2"
  resolved "https://registry.yarnpkg.com/type-check/-/type-check-0.3.2.tgz#5884cab512cf1d355e3fb784f30804b2b520db72"
  integrity sha1-WITKtRLPHTVeP7eE8wgEsrUg23I=
  dependencies:
    prelude-ls "~1.1.2"

universalify@^0.1.0:
  version "0.1.2"
  resolved "https://registry.yarnpkg.com/universalify/-/universalify-0.1.2.tgz#b646f69be3942dabcecc9d6639c80dc105efaa66"
  integrity sha512-rBJeI5CXAlmy1pV+617WB9J63U6XcazHHF2f2dbJix4XzpUF0RS3Zbj0FGIOCAva5P/d/GBOYaACQ1w+0azUkg==

universalify@^2.0.0:
  version "2.0.0"
  resolved "https://registry.yarnpkg.com/universalify/-/universalify-2.0.0.tgz#75a4984efedc4b08975c5aeb73f530d02df25717"
  integrity sha512-hAZsKq7Yy11Zu1DE0OzWjw7nnLZmJZYTDZZyEFHZdUhV8FkH5MCfoU1XMaxXovpyW5nq5scPqq0ZDP9Zyl04oQ==

unpipe@1.0.0:
  version "1.0.0"
  resolved "https://registry.yarnpkg.com/unpipe/-/unpipe-1.0.0.tgz#b2bf4ee8514aae6165b4817829d21b2ef49904ec"
  integrity sha1-sr9O6FFKrmFltIF4KdIbLvSZBOw=

util-deprecate@^1.0.1:
  version "1.0.2"
  resolved "https://registry.yarnpkg.com/util-deprecate/-/util-deprecate-1.0.2.tgz#450d4dc9fa70de732762fbd2d4a28981419a0ccf"
  integrity sha1-RQ1Nyfpw3nMnYvvS1KKJgUGaDM8=

vm2@^3.9.8:
  version "3.9.9"
  resolved "https://registry.yarnpkg.com/vm2/-/vm2-3.9.9.tgz#c0507bc5fbb99388fad837d228badaaeb499ddc5"
  integrity sha512-xwTm7NLh/uOjARRBs8/95H0e8fT3Ukw5D/JJWhxMbhKzNh1Nu981jQKvkep9iKYNxzlVrdzD0mlBGkDKZWprlw==
  dependencies:
    acorn "^8.7.0"
    acorn-walk "^8.2.0"

word-wrap@~1.2.3:
  version "1.2.3"
  resolved "https://registry.yarnpkg.com/word-wrap/-/word-wrap-1.2.3.tgz#610636f6b1f703891bd34771ccb17fb93b47079c"
  integrity sha512-Hz/mrNwitNRh/HUAtM/VT/5VH+ygD6DV7mYKZAtHOrbs8U7lvPS6xf7EJKMF0uW1KJCl0H701g3ZGus+muE5vQ==

wrappy@1:
  version "1.0.2"
  resolved "https://registry.yarnpkg.com/wrappy/-/wrappy-1.0.2.tgz#b5243d8f3ec1aa35f1364605bc0d1036e30ab69f"
  integrity sha1-tSQ9jz7BqjXxNkYFvA0QNuMKtp8=

xregexp@2.0.0:
  version "2.0.0"
  resolved "https://registry.yarnpkg.com/xregexp/-/xregexp-2.0.0.tgz#52a63e56ca0b84a7f3a5f3d61872f126ad7a5943"
  integrity sha1-UqY+VsoLhKfzpfPWGHLxJq16WUM=

yallist@^3.0.2:
  version "3.1.1"
  resolved "https://registry.yarnpkg.com/yallist/-/yallist-3.1.1.tgz#dbb7daf9bfd8bac9ab45ebf602b8cbad0d5d08fd"
  integrity sha512-a4UGQaWPH59mOXUYnAG2ewncQS4i4F43Tv3JoAM+s2VDAmS9NsK8GpDMLrCHPksFT7h3K6TOoUNn2pb7RoXx4g==

yallist@^4.0.0:
  version "4.0.0"
  resolved "https://registry.yarnpkg.com/yallist/-/yallist-4.0.0.tgz#9bb92790d9c0effec63be73519e11a35019a3a72"
  integrity sha512-3wdGidZyq5PB084XLES5TpOSRA3wjXAlIWMhum2kRcv/41Sn2emQ0dycQW4uZXLejwKvg6EsvbdlVL+FYEct7A==
